// !$*UTF8*$!
{
	archiveVersion = 1;
	classes = {
	};
	objectVersion = 46;
	objects = {

/* Begin PBXBuildFile section */
		0D36AA881C7243D600349D03 /* main.m in Sources */ = {isa = PBXBuildFile; fileRef = 0D36AA871C7243D600349D03 /* main.m */; };
		0D36AA8B1C7243D600349D03 /* AppDelegate.m in Sources */ = {isa = PBXBuildFile; fileRef = 0D36AA8A1C7243D600349D03 /* AppDelegate.m */; };
		0D36AA8E1C7243D600349D03 /* ViewController.m in Sources */ = {isa = PBXBuildFile; fileRef = 0D36AA8D1C7243D600349D03 /* ViewController.m */; };
		0D36AA911C7243D600349D03 /* Main.storyboard in Resources */ = {isa = PBXBuildFile; fileRef = 0D36AA8F1C7243D600349D03 /* Main.storyboard */; };
		0D36AA931C7243D600349D03 /* Assets.xcassets in Resources */ = {isa = PBXBuildFile; fileRef = 0D36AA921C7243D600349D03 /* Assets.xcassets */; };
		0D36AA961C7243D600349D03 /* LaunchScreen.storyboard in Resources */ = {isa = PBXBuildFile; fileRef = 0D36AA941C7243D600349D03 /* LaunchScreen.storyboard */; };
		97EB7AB51C729F33007F1383 /* CPNascarViewController.m in Sources */ = {isa = PBXBuildFile; fileRef = 97EB7AB41C729F33007F1383 /* CPNascarViewController.m */; };
		97EB7AB81C72A300007F1383 /* CPSignInViewController.m in Sources */ = {isa = PBXBuildFile; fileRef = 97EB7AB71C72A300007F1383 /* CPSignInViewController.m */; };
		97EB7ABB1C72A570007F1383 /* CPSplashViewController.m in Sources */ = {isa = PBXBuildFile; fileRef = 97EB7ABA1C72A570007F1383 /* CPSplashViewController.m */; };
		97EB7ABF1C72AAFB007F1383 /* CPLoginController.m in Sources */ = {isa = PBXBuildFile; fileRef = 97EB7ABE1C72AAFB007F1383 /* CPLoginController.m */; };
		97EB7AC21C73A97D007F1383 /* CPSignUpViewController.m in Sources */ = {isa = PBXBuildFile; fileRef = 97EB7AC11C73A97D007F1383 /* CPSignUpViewController.m */; };
		97EB7AD61C73B826007F1383 /* Omnes-Black.otf in Resources */ = {isa = PBXBuildFile; fileRef = 97EB7AC41C73B826007F1383 /* Omnes-Black.otf */; };
		97EB7AD71C73B826007F1383 /* Omnes-BlackItalic.otf in Resources */ = {isa = PBXBuildFile; fileRef = 97EB7AC51C73B826007F1383 /* Omnes-BlackItalic.otf */; };
		97EB7AD81C73B826007F1383 /* Omnes-Bold.otf in Resources */ = {isa = PBXBuildFile; fileRef = 97EB7AC61C73B826007F1383 /* Omnes-Bold.otf */; };
		97EB7AD91C73B826007F1383 /* Omnes-BoldItalic.otf in Resources */ = {isa = PBXBuildFile; fileRef = 97EB7AC71C73B826007F1383 /* Omnes-BoldItalic.otf */; };
		97EB7ADA1C73B826007F1383 /* Omnes-ExtraLight.otf in Resources */ = {isa = PBXBuildFile; fileRef = 97EB7AC81C73B826007F1383 /* Omnes-ExtraLight.otf */; };
		97EB7ADB1C73B826007F1383 /* Omnes-ExtraLightItalic.otf in Resources */ = {isa = PBXBuildFile; fileRef = 97EB7AC91C73B826007F1383 /* Omnes-ExtraLightItalic.otf */; };
		97EB7ADC1C73B826007F1383 /* Omnes-Hairline.otf in Resources */ = {isa = PBXBuildFile; fileRef = 97EB7ACA1C73B826007F1383 /* Omnes-Hairline.otf */; };
		97EB7ADD1C73B826007F1383 /* Omnes-HairlineItalic.otf in Resources */ = {isa = PBXBuildFile; fileRef = 97EB7ACB1C73B826007F1383 /* Omnes-HairlineItalic.otf */; };
		97EB7ADE1C73B826007F1383 /* Omnes-Light.otf in Resources */ = {isa = PBXBuildFile; fileRef = 97EB7ACC1C73B826007F1383 /* Omnes-Light.otf */; };
		97EB7ADF1C73B826007F1383 /* Omnes-LightItalic.otf in Resources */ = {isa = PBXBuildFile; fileRef = 97EB7ACD1C73B826007F1383 /* Omnes-LightItalic.otf */; };
		97EB7AE01C73B826007F1383 /* Omnes-Medium.otf in Resources */ = {isa = PBXBuildFile; fileRef = 97EB7ACE1C73B826007F1383 /* Omnes-Medium.otf */; };
		97EB7AE11C73B826007F1383 /* Omnes-MediumItalic.otf in Resources */ = {isa = PBXBuildFile; fileRef = 97EB7ACF1C73B826007F1383 /* Omnes-MediumItalic.otf */; };
		97EB7AE21C73B826007F1383 /* Omnes-Regular.otf in Resources */ = {isa = PBXBuildFile; fileRef = 97EB7AD01C73B826007F1383 /* Omnes-Regular.otf */; };
		97EB7AE31C73B826007F1383 /* Omnes-RegularItalic.otf in Resources */ = {isa = PBXBuildFile; fileRef = 97EB7AD11C73B826007F1383 /* Omnes-RegularItalic.otf */; };
		97EB7AE41C73B826007F1383 /* Omnes-Semibold.otf in Resources */ = {isa = PBXBuildFile; fileRef = 97EB7AD21C73B826007F1383 /* Omnes-Semibold.otf */; };
		97EB7AE51C73B826007F1383 /* Omnes-SemiboldItalic.otf in Resources */ = {isa = PBXBuildFile; fileRef = 97EB7AD31C73B826007F1383 /* Omnes-SemiboldItalic.otf */; };
		97EB7AE61C73B826007F1383 /* Omnes-Thin.otf in Resources */ = {isa = PBXBuildFile; fileRef = 97EB7AD41C73B826007F1383 /* Omnes-Thin.otf */; };
		97EB7AE71C73B826007F1383 /* Omnes-ThinItalic.otf in Resources */ = {isa = PBXBuildFile; fileRef = 97EB7AD51C73B826007F1383 /* Omnes-ThinItalic.otf */; };
		97EB7AEB1C73B858007F1383 /* UIFont+CleverPet.m in Sources */ = {isa = PBXBuildFile; fileRef = 97EB7AEA1C73B858007F1383 /* UIFont+CleverPet.m */; };
		97EB7AF11C73BEA9007F1383 /* UIColor+CleverPet.m in Sources */ = {isa = PBXBuildFile; fileRef = 97EB7AF01C73BEA9007F1383 /* UIColor+CleverPet.m */; };
		97EB7AF71C73CA1B007F1383 /* CPTextField.m in Sources */ = {isa = PBXBuildFile; fileRef = 97EB7AF61C73CA1B007F1383 /* CPTextField.m */; };
		97EB7AFC1C73F282007F1383 /* CPPetProfileViewController.m in Sources */ = {isa = PBXBuildFile; fileRef = 97EB7AFB1C73F282007F1383 /* CPPetProfileViewController.m */; };
		97EB7AFF1C7400A9007F1383 /* CPPetPhotoViewController.m in Sources */ = {isa = PBXBuildFile; fileRef = 97EB7AFE1C7400A9007F1383 /* CPPetPhotoViewController.m */; };
		97EB7B021C7508E1007F1383 /* UIViewController+CleverPet.m in Sources */ = {isa = PBXBuildFile; fileRef = 97EB7B011C7508E1007F1383 /* UIViewController+CleverPet.m */; };
		97EB7B081C75316F007F1383 /* CPGenderPickerViewController.m in Sources */ = {isa = PBXBuildFile; fileRef = 97EB7B071C75316F007F1383 /* CPGenderPickerViewController.m */; };
		BCD1938D360A74B45F4482F4 /* libPods-CleverPet.a in Frameworks */ = {isa = PBXBuildFile; fileRef = 12289E9A58FFD1424A618F43 /* libPods-CleverPet.a */; };
/* End PBXBuildFile section */

/* Begin PBXFileReference section */
		0D36AA831C7243D600349D03 /* CleverPet.app */ = {isa = PBXFileReference; explicitFileType = wrapper.application; includeInIndex = 0; path = CleverPet.app; sourceTree = BUILT_PRODUCTS_DIR; };
		0D36AA871C7243D600349D03 /* main.m */ = {isa = PBXFileReference; lastKnownFileType = sourcecode.c.objc; path = main.m; sourceTree = "<group>"; };
		0D36AA891C7243D600349D03 /* AppDelegate.h */ = {isa = PBXFileReference; lastKnownFileType = sourcecode.c.h; path = AppDelegate.h; sourceTree = "<group>"; };
		0D36AA8A1C7243D600349D03 /* AppDelegate.m */ = {isa = PBXFileReference; lastKnownFileType = sourcecode.c.objc; path = AppDelegate.m; sourceTree = "<group>"; };
		0D36AA8C1C7243D600349D03 /* ViewController.h */ = {isa = PBXFileReference; lastKnownFileType = sourcecode.c.h; path = ViewController.h; sourceTree = "<group>"; };
		0D36AA8D1C7243D600349D03 /* ViewController.m */ = {isa = PBXFileReference; lastKnownFileType = sourcecode.c.objc; path = ViewController.m; sourceTree = "<group>"; };
		0D36AA901C7243D600349D03 /* Base */ = {isa = PBXFileReference; lastKnownFileType = file.storyboard; name = Base; path = Base.lproj/Main.storyboard; sourceTree = "<group>"; };
		0D36AA921C7243D600349D03 /* Assets.xcassets */ = {isa = PBXFileReference; lastKnownFileType = folder.assetcatalog; path = Assets.xcassets; sourceTree = "<group>"; };
		0D36AA951C7243D600349D03 /* Base */ = {isa = PBXFileReference; lastKnownFileType = file.storyboard; name = Base; path = Base.lproj/LaunchScreen.storyboard; sourceTree = "<group>"; };
		0D36AA971C7243D600349D03 /* Info.plist */ = {isa = PBXFileReference; lastKnownFileType = text.plist.xml; path = Info.plist; sourceTree = "<group>"; };
		12289E9A58FFD1424A618F43 /* libPods-CleverPet.a */ = {isa = PBXFileReference; explicitFileType = archive.ar; includeInIndex = 0; path = "libPods-CleverPet.a"; sourceTree = BUILT_PRODUCTS_DIR; };
		1A781CE70A3779F3A075E1B9 /* Pods-CleverPet.debug.xcconfig */ = {isa = PBXFileReference; includeInIndex = 1; lastKnownFileType = text.xcconfig; name = "Pods-CleverPet.debug.xcconfig"; path = "Pods/Target Support Files/Pods-CleverPet/Pods-CleverPet.debug.xcconfig"; sourceTree = "<group>"; };
		3F01E2EDF84A2F884CB98C49 /* Pods-CleverPet.release.xcconfig */ = {isa = PBXFileReference; includeInIndex = 1; lastKnownFileType = text.xcconfig; name = "Pods-CleverPet.release.xcconfig"; path = "Pods/Target Support Files/Pods-CleverPet/Pods-CleverPet.release.xcconfig"; sourceTree = "<group>"; };
		97EB7AB31C729F33007F1383 /* CPNascarViewController.h */ = {isa = PBXFileReference; fileEncoding = 4; lastKnownFileType = sourcecode.c.h; path = CPNascarViewController.h; sourceTree = "<group>"; };
		97EB7AB41C729F33007F1383 /* CPNascarViewController.m */ = {isa = PBXFileReference; fileEncoding = 4; lastKnownFileType = sourcecode.c.objc; path = CPNascarViewController.m; sourceTree = "<group>"; };
		97EB7AB61C72A300007F1383 /* CPSignInViewController.h */ = {isa = PBXFileReference; fileEncoding = 4; lastKnownFileType = sourcecode.c.h; path = CPSignInViewController.h; sourceTree = "<group>"; };
		97EB7AB71C72A300007F1383 /* CPSignInViewController.m */ = {isa = PBXFileReference; fileEncoding = 4; lastKnownFileType = sourcecode.c.objc; path = CPSignInViewController.m; sourceTree = "<group>"; };
		97EB7AB91C72A570007F1383 /* CPSplashViewController.h */ = {isa = PBXFileReference; fileEncoding = 4; lastKnownFileType = sourcecode.c.h; path = CPSplashViewController.h; sourceTree = "<group>"; };
		97EB7ABA1C72A570007F1383 /* CPSplashViewController.m */ = {isa = PBXFileReference; fileEncoding = 4; lastKnownFileType = sourcecode.c.objc; path = CPSplashViewController.m; sourceTree = "<group>"; };
		97EB7ABD1C72AAFB007F1383 /* CPLoginController.h */ = {isa = PBXFileReference; fileEncoding = 4; lastKnownFileType = sourcecode.c.h; path = CPLoginController.h; sourceTree = "<group>"; };
		97EB7ABE1C72AAFB007F1383 /* CPLoginController.m */ = {isa = PBXFileReference; fileEncoding = 4; lastKnownFileType = sourcecode.c.objc; path = CPLoginController.m; sourceTree = "<group>"; };
		97EB7AC01C73A97D007F1383 /* CPSignUpViewController.h */ = {isa = PBXFileReference; fileEncoding = 4; lastKnownFileType = sourcecode.c.h; path = CPSignUpViewController.h; sourceTree = "<group>"; };
		97EB7AC11C73A97D007F1383 /* CPSignUpViewController.m */ = {isa = PBXFileReference; fileEncoding = 4; lastKnownFileType = sourcecode.c.objc; path = CPSignUpViewController.m; sourceTree = "<group>"; };
		97EB7AC41C73B826007F1383 /* Omnes-Black.otf */ = {isa = PBXFileReference; lastKnownFileType = file; path = "Omnes-Black.otf"; sourceTree = "<group>"; };
		97EB7AC51C73B826007F1383 /* Omnes-BlackItalic.otf */ = {isa = PBXFileReference; lastKnownFileType = file; path = "Omnes-BlackItalic.otf"; sourceTree = "<group>"; };
		97EB7AC61C73B826007F1383 /* Omnes-Bold.otf */ = {isa = PBXFileReference; lastKnownFileType = file; path = "Omnes-Bold.otf"; sourceTree = "<group>"; };
		97EB7AC71C73B826007F1383 /* Omnes-BoldItalic.otf */ = {isa = PBXFileReference; lastKnownFileType = file; path = "Omnes-BoldItalic.otf"; sourceTree = "<group>"; };
		97EB7AC81C73B826007F1383 /* Omnes-ExtraLight.otf */ = {isa = PBXFileReference; lastKnownFileType = file; path = "Omnes-ExtraLight.otf"; sourceTree = "<group>"; };
		97EB7AC91C73B826007F1383 /* Omnes-ExtraLightItalic.otf */ = {isa = PBXFileReference; lastKnownFileType = file; path = "Omnes-ExtraLightItalic.otf"; sourceTree = "<group>"; };
		97EB7ACA1C73B826007F1383 /* Omnes-Hairline.otf */ = {isa = PBXFileReference; lastKnownFileType = file; path = "Omnes-Hairline.otf"; sourceTree = "<group>"; };
		97EB7ACB1C73B826007F1383 /* Omnes-HairlineItalic.otf */ = {isa = PBXFileReference; lastKnownFileType = file; path = "Omnes-HairlineItalic.otf"; sourceTree = "<group>"; };
		97EB7ACC1C73B826007F1383 /* Omnes-Light.otf */ = {isa = PBXFileReference; lastKnownFileType = file; path = "Omnes-Light.otf"; sourceTree = "<group>"; };
		97EB7ACD1C73B826007F1383 /* Omnes-LightItalic.otf */ = {isa = PBXFileReference; lastKnownFileType = file; path = "Omnes-LightItalic.otf"; sourceTree = "<group>"; };
		97EB7ACE1C73B826007F1383 /* Omnes-Medium.otf */ = {isa = PBXFileReference; lastKnownFileType = file; path = "Omnes-Medium.otf"; sourceTree = "<group>"; };
		97EB7ACF1C73B826007F1383 /* Omnes-MediumItalic.otf */ = {isa = PBXFileReference; lastKnownFileType = file; path = "Omnes-MediumItalic.otf"; sourceTree = "<group>"; };
		97EB7AD01C73B826007F1383 /* Omnes-Regular.otf */ = {isa = PBXFileReference; lastKnownFileType = file; path = "Omnes-Regular.otf"; sourceTree = "<group>"; };
		97EB7AD11C73B826007F1383 /* Omnes-RegularItalic.otf */ = {isa = PBXFileReference; lastKnownFileType = file; path = "Omnes-RegularItalic.otf"; sourceTree = "<group>"; };
		97EB7AD21C73B826007F1383 /* Omnes-Semibold.otf */ = {isa = PBXFileReference; lastKnownFileType = file; path = "Omnes-Semibold.otf"; sourceTree = "<group>"; };
		97EB7AD31C73B826007F1383 /* Omnes-SemiboldItalic.otf */ = {isa = PBXFileReference; lastKnownFileType = file; path = "Omnes-SemiboldItalic.otf"; sourceTree = "<group>"; };
		97EB7AD41C73B826007F1383 /* Omnes-Thin.otf */ = {isa = PBXFileReference; lastKnownFileType = file; path = "Omnes-Thin.otf"; sourceTree = "<group>"; };
		97EB7AD51C73B826007F1383 /* Omnes-ThinItalic.otf */ = {isa = PBXFileReference; lastKnownFileType = file; path = "Omnes-ThinItalic.otf"; sourceTree = "<group>"; };
		97EB7AE91C73B858007F1383 /* UIFont+CleverPet.h */ = {isa = PBXFileReference; fileEncoding = 4; lastKnownFileType = sourcecode.c.h; path = "UIFont+CleverPet.h"; sourceTree = "<group>"; };
		97EB7AEA1C73B858007F1383 /* UIFont+CleverPet.m */ = {isa = PBXFileReference; fileEncoding = 4; lastKnownFileType = sourcecode.c.objc; path = "UIFont+CleverPet.m"; sourceTree = "<group>"; };
		97EB7AEF1C73BEA9007F1383 /* UIColor+CleverPet.h */ = {isa = PBXFileReference; fileEncoding = 4; lastKnownFileType = sourcecode.c.h; path = "UIColor+CleverPet.h"; sourceTree = "<group>"; };
		97EB7AF01C73BEA9007F1383 /* UIColor+CleverPet.m */ = {isa = PBXFileReference; fileEncoding = 4; lastKnownFileType = sourcecode.c.objc; path = "UIColor+CleverPet.m"; sourceTree = "<group>"; };
		97EB7AF31C73C4A8007F1383 /* CleverPet-Prefix.pch */ = {isa = PBXFileReference; lastKnownFileType = sourcecode.c.h; path = "CleverPet-Prefix.pch"; sourceTree = "<group>"; };
		97EB7AF51C73CA1B007F1383 /* CPTextField.h */ = {isa = PBXFileReference; fileEncoding = 4; lastKnownFileType = sourcecode.c.h; path = CPTextField.h; sourceTree = "<group>"; };
		97EB7AF61C73CA1B007F1383 /* CPTextField.m */ = {isa = PBXFileReference; fileEncoding = 4; lastKnownFileType = sourcecode.c.objc; path = CPTextField.m; sourceTree = "<group>"; };
		97EB7AFA1C73F282007F1383 /* CPPetProfileViewController.h */ = {isa = PBXFileReference; fileEncoding = 4; lastKnownFileType = sourcecode.c.h; path = CPPetProfileViewController.h; sourceTree = "<group>"; };
		97EB7AFB1C73F282007F1383 /* CPPetProfileViewController.m */ = {isa = PBXFileReference; fileEncoding = 4; lastKnownFileType = sourcecode.c.objc; path = CPPetProfileViewController.m; sourceTree = "<group>"; };
		97EB7AFD1C7400A9007F1383 /* CPPetPhotoViewController.h */ = {isa = PBXFileReference; fileEncoding = 4; lastKnownFileType = sourcecode.c.h; path = CPPetPhotoViewController.h; sourceTree = "<group>"; };
		97EB7AFE1C7400A9007F1383 /* CPPetPhotoViewController.m */ = {isa = PBXFileReference; fileEncoding = 4; lastKnownFileType = sourcecode.c.objc; path = CPPetPhotoViewController.m; sourceTree = "<group>"; };
		97EB7B001C7508E1007F1383 /* UIViewController+CleverPet.h */ = {isa = PBXFileReference; fileEncoding = 4; lastKnownFileType = sourcecode.c.h; path = "UIViewController+CleverPet.h"; sourceTree = "<group>"; };
		97EB7B011C7508E1007F1383 /* UIViewController+CleverPet.m */ = {isa = PBXFileReference; fileEncoding = 4; lastKnownFileType = sourcecode.c.objc; path = "UIViewController+CleverPet.m"; sourceTree = "<group>"; };
		97EB7B061C75316F007F1383 /* CPGenderPickerViewController.h */ = {isa = PBXFileReference; fileEncoding = 4; lastKnownFileType = sourcecode.c.h; path = CPGenderPickerViewController.h; sourceTree = "<group>"; };
		97EB7B071C75316F007F1383 /* CPGenderPickerViewController.m */ = {isa = PBXFileReference; fileEncoding = 4; lastKnownFileType = sourcecode.c.objc; path = CPGenderPickerViewController.m; sourceTree = "<group>"; };
/* End PBXFileReference section */

/* Begin PBXFrameworksBuildPhase section */
		0D36AA801C7243D600349D03 /* Frameworks */ = {
			isa = PBXFrameworksBuildPhase;
			buildActionMask = 2147483647;
			files = (
				BCD1938D360A74B45F4482F4 /* libPods-CleverPet.a in Frameworks */,
			);
			runOnlyForDeploymentPostprocessing = 0;
		};
/* End PBXFrameworksBuildPhase section */

/* Begin PBXGroup section */
		0D36AA7A1C7243D600349D03 = {
			isa = PBXGroup;
			children = (
				0D36AA851C7243D600349D03 /* CleverPet */,
				0D36AA841C7243D600349D03 /* Products */,
				57ADBCB9E6A0A0D72BB97CA7 /* Pods */,
				D625135D7BCE1E48B006E50A /* Frameworks */,
			);
			sourceTree = "<group>";
		};
		0D36AA841C7243D600349D03 /* Products */ = {
			isa = PBXGroup;
			children = (
				0D36AA831C7243D600349D03 /* CleverPet.app */,
			);
			name = Products;
			sourceTree = "<group>";
		};
		0D36AA851C7243D600349D03 /* CleverPet */ = {
			isa = PBXGroup;
			children = (
				97EB7AE81C73B833007F1383 /* Util */,
				97EB7AC31C73B826007F1383 /* Font */,
				97EB7ABC1C72AAE3007F1383 /* Managers */,
				974868B11C725A990031BEEF /* Login */,
				0D36AA891C7243D600349D03 /* AppDelegate.h */,
				0D36AA8A1C7243D600349D03 /* AppDelegate.m */,
				0D36AA8C1C7243D600349D03 /* ViewController.h */,
				0D36AA8D1C7243D600349D03 /* ViewController.m */,
				0D36AA8F1C7243D600349D03 /* Main.storyboard */,
				0D36AA921C7243D600349D03 /* Assets.xcassets */,
				0D36AA941C7243D600349D03 /* LaunchScreen.storyboard */,
				0D36AA971C7243D600349D03 /* Info.plist */,
				0D36AA861C7243D600349D03 /* Supporting Files */,
				97EB7AF31C73C4A8007F1383 /* CleverPet-Prefix.pch */,
				97EB7AF41C73C9FD007F1383 /* View */,
			);
			path = CleverPet;
			sourceTree = "<group>";
		};
		0D36AA861C7243D600349D03 /* Supporting Files */ = {
			isa = PBXGroup;
			children = (
				0D36AA871C7243D600349D03 /* main.m */,
			);
			name = "Supporting Files";
			sourceTree = "<group>";
		};
		57ADBCB9E6A0A0D72BB97CA7 /* Pods */ = {
			isa = PBXGroup;
			children = (
				1A781CE70A3779F3A075E1B9 /* Pods-CleverPet.debug.xcconfig */,
				3F01E2EDF84A2F884CB98C49 /* Pods-CleverPet.release.xcconfig */,
			);
			name = Pods;
			sourceTree = "<group>";
		};
		974868B11C725A990031BEEF /* Login */ = {
			isa = PBXGroup;
			children = (
				97EB7AB31C729F33007F1383 /* CPNascarViewController.h */,
				97EB7AB41C729F33007F1383 /* CPNascarViewController.m */,
				97EB7AB61C72A300007F1383 /* CPSignInViewController.h */,
				97EB7AB71C72A300007F1383 /* CPSignInViewController.m */,
				97EB7AB91C72A570007F1383 /* CPSplashViewController.h */,
				97EB7ABA1C72A570007F1383 /* CPSplashViewController.m */,
				97EB7AC01C73A97D007F1383 /* CPSignUpViewController.h */,
				97EB7AC11C73A97D007F1383 /* CPSignUpViewController.m */,
				97EB7AFA1C73F282007F1383 /* CPPetProfileViewController.h */,
				97EB7AFB1C73F282007F1383 /* CPPetProfileViewController.m */,
				97EB7AFD1C7400A9007F1383 /* CPPetPhotoViewController.h */,
				97EB7AFE1C7400A9007F1383 /* CPPetPhotoViewController.m */,
			);
			path = Login;
			sourceTree = "<group>";
		};
		97EB7ABC1C72AAE3007F1383 /* Managers */ = {
			isa = PBXGroup;
			children = (
				97EB7ABD1C72AAFB007F1383 /* CPLoginController.h */,
				97EB7ABE1C72AAFB007F1383 /* CPLoginController.m */,
			);
			path = Managers;
			sourceTree = "<group>";
		};
		97EB7AC31C73B826007F1383 /* Font */ = {
			isa = PBXGroup;
			children = (
				97EB7AC41C73B826007F1383 /* Omnes-Black.otf */,
				97EB7AC51C73B826007F1383 /* Omnes-BlackItalic.otf */,
				97EB7AC61C73B826007F1383 /* Omnes-Bold.otf */,
				97EB7AC71C73B826007F1383 /* Omnes-BoldItalic.otf */,
				97EB7AC81C73B826007F1383 /* Omnes-ExtraLight.otf */,
				97EB7AC91C73B826007F1383 /* Omnes-ExtraLightItalic.otf */,
				97EB7ACA1C73B826007F1383 /* Omnes-Hairline.otf */,
				97EB7ACB1C73B826007F1383 /* Omnes-HairlineItalic.otf */,
				97EB7ACC1C73B826007F1383 /* Omnes-Light.otf */,
				97EB7ACD1C73B826007F1383 /* Omnes-LightItalic.otf */,
				97EB7ACE1C73B826007F1383 /* Omnes-Medium.otf */,
				97EB7ACF1C73B826007F1383 /* Omnes-MediumItalic.otf */,
				97EB7AD01C73B826007F1383 /* Omnes-Regular.otf */,
				97EB7AD11C73B826007F1383 /* Omnes-RegularItalic.otf */,
				97EB7AD21C73B826007F1383 /* Omnes-Semibold.otf */,
				97EB7AD31C73B826007F1383 /* Omnes-SemiboldItalic.otf */,
				97EB7AD41C73B826007F1383 /* Omnes-Thin.otf */,
				97EB7AD51C73B826007F1383 /* Omnes-ThinItalic.otf */,
			);
			path = Font;
			sourceTree = "<group>";
		};
		97EB7AE81C73B833007F1383 /* Util */ = {
			isa = PBXGroup;
			children = (
				97EB7AE91C73B858007F1383 /* UIFont+CleverPet.h */,
				97EB7AEA1C73B858007F1383 /* UIFont+CleverPet.m */,
				97EB7AEF1C73BEA9007F1383 /* UIColor+CleverPet.h */,
				97EB7AF01C73BEA9007F1383 /* UIColor+CleverPet.m */,
				97EB7B001C7508E1007F1383 /* UIViewController+CleverPet.h */,
				97EB7B011C7508E1007F1383 /* UIViewController+CleverPet.m */,
			);
			path = Util;
			sourceTree = "<group>";
		};
		97EB7AF41C73C9FD007F1383 /* View */ = {
			isa = PBXGroup;
			children = (
				97EB7AF51C73CA1B007F1383 /* CPTextField.h */,
				97EB7AF61C73CA1B007F1383 /* CPTextField.m */,
				97EB7B061C75316F007F1383 /* CPGenderPickerViewController.h */,
				97EB7B071C75316F007F1383 /* CPGenderPickerViewController.m */,
			);
			path = View;
			sourceTree = "<group>";
		};
		D625135D7BCE1E48B006E50A /* Frameworks */ = {
			isa = PBXGroup;
			children = (
				12289E9A58FFD1424A618F43 /* libPods-CleverPet.a */,
			);
			name = Frameworks;
			sourceTree = "<group>";
		};
/* End PBXGroup section */

/* Begin PBXNativeTarget section */
		0D36AA821C7243D600349D03 /* CleverPet */ = {
			isa = PBXNativeTarget;
			buildConfigurationList = 0D36AA9A1C7243D600349D03 /* Build configuration list for PBXNativeTarget "CleverPet" */;
			buildPhases = (
				8EB7CAD985CF53BD7EA4420A /* Check Pods Manifest.lock */,
				0D36AA7F1C7243D600349D03 /* Sources */,
				0D36AA801C7243D600349D03 /* Frameworks */,
				0D36AA811C7243D600349D03 /* Resources */,
				11913D9F032B5AD5C1F14CBE /* Embed Pods Frameworks */,
				121785C1CF39DB22AA5A7959 /* Copy Pods Resources */,
			);
			buildRules = (
			);
			dependencies = (
			);
			name = CleverPet;
			productName = CleverPet;
			productReference = 0D36AA831C7243D600349D03 /* CleverPet.app */;
			productType = "com.apple.product-type.application";
		};
/* End PBXNativeTarget section */

/* Begin PBXProject section */
		0D36AA7B1C7243D600349D03 /* Project object */ = {
			isa = PBXProject;
			attributes = {
				CLASSPREFIX = CP;
				LastUpgradeCheck = 0720;
				ORGANIZATIONNAME = "CleverPet, Inc.";
				TargetAttributes = {
					0D36AA821C7243D600349D03 = {
						CreatedOnToolsVersion = 7.2;
					};
				};
			};
			buildConfigurationList = 0D36AA7E1C7243D600349D03 /* Build configuration list for PBXProject "CleverPet" */;
			compatibilityVersion = "Xcode 3.2";
			developmentRegion = English;
			hasScannedForEncodings = 0;
			knownRegions = (
				en,
				Base,
			);
			mainGroup = 0D36AA7A1C7243D600349D03;
			productRefGroup = 0D36AA841C7243D600349D03 /* Products */;
			projectDirPath = "";
			projectRoot = "";
			targets = (
				0D36AA821C7243D600349D03 /* CleverPet */,
			);
		};
/* End PBXProject section */

/* Begin PBXResourcesBuildPhase section */
		0D36AA811C7243D600349D03 /* Resources */ = {
			isa = PBXResourcesBuildPhase;
			buildActionMask = 2147483647;
			files = (
				0D36AA961C7243D600349D03 /* LaunchScreen.storyboard in Resources */,
				97EB7AE41C73B826007F1383 /* Omnes-Semibold.otf in Resources */,
				97EB7ADF1C73B826007F1383 /* Omnes-LightItalic.otf in Resources */,
				97EB7AE61C73B826007F1383 /* Omnes-Thin.otf in Resources */,
				97EB7ADE1C73B826007F1383 /* Omnes-Light.otf in Resources */,
				97EB7AD81C73B826007F1383 /* Omnes-Bold.otf in Resources */,
				97EB7ADC1C73B826007F1383 /* Omnes-Hairline.otf in Resources */,
				0D36AA931C7243D600349D03 /* Assets.xcassets in Resources */,
				97EB7AD91C73B826007F1383 /* Omnes-BoldItalic.otf in Resources */,
				97EB7AE51C73B826007F1383 /* Omnes-SemiboldItalic.otf in Resources */,
				97EB7AE31C73B826007F1383 /* Omnes-RegularItalic.otf in Resources */,
				97EB7AE11C73B826007F1383 /* Omnes-MediumItalic.otf in Resources */,
				97EB7AD61C73B826007F1383 /* Omnes-Black.otf in Resources */,
				97EB7AE21C73B826007F1383 /* Omnes-Regular.otf in Resources */,
				0D36AA911C7243D600349D03 /* Main.storyboard in Resources */,
				97EB7AE01C73B826007F1383 /* Omnes-Medium.otf in Resources */,
				97EB7ADD1C73B826007F1383 /* Omnes-HairlineItalic.otf in Resources */,
				97EB7ADB1C73B826007F1383 /* Omnes-ExtraLightItalic.otf in Resources */,
				97EB7AE71C73B826007F1383 /* Omnes-ThinItalic.otf in Resources */,
				97EB7ADA1C73B826007F1383 /* Omnes-ExtraLight.otf in Resources */,
				97EB7AD71C73B826007F1383 /* Omnes-BlackItalic.otf in Resources */,
			);
			runOnlyForDeploymentPostprocessing = 0;
		};
/* End PBXResourcesBuildPhase section */

/* Begin PBXShellScriptBuildPhase section */
		11913D9F032B5AD5C1F14CBE /* Embed Pods Frameworks */ = {
			isa = PBXShellScriptBuildPhase;
			buildActionMask = 2147483647;
			files = (
			);
			inputPaths = (
			);
			name = "Embed Pods Frameworks";
			outputPaths = (
			);
			runOnlyForDeploymentPostprocessing = 0;
			shellPath = /bin/sh;
			shellScript = "\"${SRCROOT}/Pods/Target Support Files/Pods-CleverPet/Pods-CleverPet-frameworks.sh\"\n";
			showEnvVarsInLog = 0;
		};
		121785C1CF39DB22AA5A7959 /* Copy Pods Resources */ = {
			isa = PBXShellScriptBuildPhase;
			buildActionMask = 2147483647;
			files = (
			);
			inputPaths = (
			);
			name = "Copy Pods Resources";
			outputPaths = (
			);
			runOnlyForDeploymentPostprocessing = 0;
			shellPath = /bin/sh;
			shellScript = "\"${SRCROOT}/Pods/Target Support Files/Pods-CleverPet/Pods-CleverPet-resources.sh\"\n";
			showEnvVarsInLog = 0;
		};
		8EB7CAD985CF53BD7EA4420A /* Check Pods Manifest.lock */ = {
			isa = PBXShellScriptBuildPhase;
			buildActionMask = 2147483647;
			files = (
			);
			inputPaths = (
			);
			name = "Check Pods Manifest.lock";
			outputPaths = (
			);
			runOnlyForDeploymentPostprocessing = 0;
			shellPath = /bin/sh;
			shellScript = "diff \"${PODS_ROOT}/../Podfile.lock\" \"${PODS_ROOT}/Manifest.lock\" > /dev/null\nif [[ $? != 0 ]] ; then\n    cat << EOM\nerror: The sandbox is not in sync with the Podfile.lock. Run 'pod install' or update your CocoaPods installation.\nEOM\n    exit 1\nfi\n";
			showEnvVarsInLog = 0;
		};
/* End PBXShellScriptBuildPhase section */

/* Begin PBXSourcesBuildPhase section */
		0D36AA7F1C7243D600349D03 /* Sources */ = {
			isa = PBXSourcesBuildPhase;
			buildActionMask = 2147483647;
			files = (
				97EB7AFF1C7400A9007F1383 /* CPPetPhotoViewController.m in Sources */,
				97EB7AB81C72A300007F1383 /* CPSignInViewController.m in Sources */,
				97EB7AB51C729F33007F1383 /* CPNascarViewController.m in Sources */,
				97EB7AF71C73CA1B007F1383 /* CPTextField.m in Sources */,
				0D36AA8E1C7243D600349D03 /* ViewController.m in Sources */,
				97EB7AC21C73A97D007F1383 /* CPSignUpViewController.m in Sources */,
				97EB7ABB1C72A570007F1383 /* CPSplashViewController.m in Sources */,
				0D36AA8B1C7243D600349D03 /* AppDelegate.m in Sources */,
				97EB7AFC1C73F282007F1383 /* CPPetProfileViewController.m in Sources */,
				97EB7ABF1C72AAFB007F1383 /* CPLoginController.m in Sources */,
				0D36AA881C7243D600349D03 /* main.m in Sources */,
				97EB7B021C7508E1007F1383 /* UIViewController+CleverPet.m in Sources */,
				97EB7AF11C73BEA9007F1383 /* UIColor+CleverPet.m in Sources */,
				97EB7B081C75316F007F1383 /* CPGenderPickerViewController.m in Sources */,
				97EB7AEB1C73B858007F1383 /* UIFont+CleverPet.m in Sources */,
			);
			runOnlyForDeploymentPostprocessing = 0;
		};
/* End PBXSourcesBuildPhase section */

/* Begin PBXVariantGroup section */
		0D36AA8F1C7243D600349D03 /* Main.storyboard */ = {
			isa = PBXVariantGroup;
			children = (
				0D36AA901C7243D600349D03 /* Base */,
			);
			name = Main.storyboard;
			sourceTree = "<group>";
		};
		0D36AA941C7243D600349D03 /* LaunchScreen.storyboard */ = {
			isa = PBXVariantGroup;
			children = (
				0D36AA951C7243D600349D03 /* Base */,
			);
			name = LaunchScreen.storyboard;
			sourceTree = "<group>";
		};
/* End PBXVariantGroup section */

/* Begin XCBuildConfiguration section */
		0D36AA981C7243D600349D03 /* Debug */ = {
			isa = XCBuildConfiguration;
			buildSettings = {
				ALWAYS_SEARCH_USER_PATHS = NO;
				CLANG_CXX_LANGUAGE_STANDARD = "gnu++0x";
				CLANG_CXX_LIBRARY = "libc++";
				CLANG_ENABLE_MODULES = YES;
				CLANG_ENABLE_OBJC_ARC = YES;
				CLANG_WARN_BOOL_CONVERSION = YES;
				CLANG_WARN_CONSTANT_CONVERSION = YES;
				CLANG_WARN_DIRECT_OBJC_ISA_USAGE = YES_ERROR;
				CLANG_WARN_EMPTY_BODY = YES;
				CLANG_WARN_ENUM_CONVERSION = YES;
				CLANG_WARN_INT_CONVERSION = YES;
				CLANG_WARN_OBJC_ROOT_CLASS = YES_ERROR;
				CLANG_WARN_UNREACHABLE_CODE = YES;
				CLANG_WARN__DUPLICATE_METHOD_MATCH = YES;
				"CODE_SIGN_IDENTITY[sdk=iphoneos*]" = "iPhone Developer";
				COPY_PHASE_STRIP = NO;
				DEBUG_INFORMATION_FORMAT = dwarf;
				ENABLE_STRICT_OBJC_MSGSEND = YES;
				ENABLE_TESTABILITY = YES;
				GCC_C_LANGUAGE_STANDARD = gnu99;
				GCC_DYNAMIC_NO_PIC = NO;
				GCC_NO_COMMON_BLOCKS = YES;
				GCC_OPTIMIZATION_LEVEL = 0;
				GCC_PREPROCESSOR_DEFINITIONS = (
					"DEBUG=1",
					"$(inherited)",
				);
				GCC_WARN_64_TO_32_BIT_CONVERSION = YES;
				GCC_WARN_ABOUT_RETURN_TYPE = YES_ERROR;
				GCC_WARN_UNDECLARED_SELECTOR = YES;
				GCC_WARN_UNINITIALIZED_AUTOS = YES_AGGRESSIVE;
				GCC_WARN_UNUSED_FUNCTION = YES;
				GCC_WARN_UNUSED_VARIABLE = YES;
				IPHONEOS_DEPLOYMENT_TARGET = 9.2;
				MTL_ENABLE_DEBUG_INFO = YES;
				ONLY_ACTIVE_ARCH = YES;
				SDKROOT = iphoneos;
			};
			name = Debug;
		};
		0D36AA991C7243D600349D03 /* Release */ = {
			isa = XCBuildConfiguration;
			buildSettings = {
				ALWAYS_SEARCH_USER_PATHS = NO;
				CLANG_CXX_LANGUAGE_STANDARD = "gnu++0x";
				CLANG_CXX_LIBRARY = "libc++";
				CLANG_ENABLE_MODULES = YES;
				CLANG_ENABLE_OBJC_ARC = YES;
				CLANG_WARN_BOOL_CONVERSION = YES;
				CLANG_WARN_CONSTANT_CONVERSION = YES;
				CLANG_WARN_DIRECT_OBJC_ISA_USAGE = YES_ERROR;
				CLANG_WARN_EMPTY_BODY = YES;
				CLANG_WARN_ENUM_CONVERSION = YES;
				CLANG_WARN_INT_CONVERSION = YES;
				CLANG_WARN_OBJC_ROOT_CLASS = YES_ERROR;
				CLANG_WARN_UNREACHABLE_CODE = YES;
				CLANG_WARN__DUPLICATE_METHOD_MATCH = YES;
				"CODE_SIGN_IDENTITY[sdk=iphoneos*]" = "iPhone Developer";
				COPY_PHASE_STRIP = NO;
				DEBUG_INFORMATION_FORMAT = "dwarf-with-dsym";
				ENABLE_NS_ASSERTIONS = NO;
				ENABLE_STRICT_OBJC_MSGSEND = YES;
				GCC_C_LANGUAGE_STANDARD = gnu99;
				GCC_NO_COMMON_BLOCKS = YES;
				GCC_WARN_64_TO_32_BIT_CONVERSION = YES;
				GCC_WARN_ABOUT_RETURN_TYPE = YES_ERROR;
				GCC_WARN_UNDECLARED_SELECTOR = YES;
				GCC_WARN_UNINITIALIZED_AUTOS = YES_AGGRESSIVE;
				GCC_WARN_UNUSED_FUNCTION = YES;
				GCC_WARN_UNUSED_VARIABLE = YES;
				IPHONEOS_DEPLOYMENT_TARGET = 9.2;
				MTL_ENABLE_DEBUG_INFO = NO;
				SDKROOT = iphoneos;
				VALIDATE_PRODUCT = YES;
			};
			name = Release;
		};
		0D36AA9B1C7243D600349D03 /* Debug */ = {
			isa = XCBuildConfiguration;
			baseConfigurationReference = 1A781CE70A3779F3A075E1B9 /* Pods-CleverPet.debug.xcconfig */;
			buildSettings = {
				ASSETCATALOG_COMPILER_APPICON_NAME = AppIcon;
				ENABLE_BITCODE = NO;
				GCC_PRECOMPILE_PREFIX_HEADER = YES;
				GCC_PREFIX_HEADER = "$(SRCROOT)/CleverPet/CleverPet-Prefix.pch";
				INFOPLIST_FILE = CleverPet/Info.plist;
				IPHONEOS_DEPLOYMENT_TARGET = 9.0;
				LD_RUNPATH_SEARCH_PATHS = "$(inherited) @executable_path/Frameworks";
				PRODUCT_BUNDLE_IDENTIFIER = com.getcleverpet.ios.CleverPet;
				PRODUCT_NAME = "$(TARGET_NAME)";
			};
			name = Debug;
		};
		0D36AA9C1C7243D600349D03 /* Release */ = {
			isa = XCBuildConfiguration;
			baseConfigurationReference = 3F01E2EDF84A2F884CB98C49 /* Pods-CleverPet.release.xcconfig */;
			buildSettings = {
				ASSETCATALOG_COMPILER_APPICON_NAME = AppIcon;
				ENABLE_BITCODE = NO;
				GCC_PRECOMPILE_PREFIX_HEADER = YES;
				GCC_PREFIX_HEADER = "$(SRCROOT)/CleverPet/CleverPet-Prefix.pch";
				INFOPLIST_FILE = CleverPet/Info.plist;
				IPHONEOS_DEPLOYMENT_TARGET = 9.0;
				LD_RUNPATH_SEARCH_PATHS = "$(inherited) @executable_path/Frameworks";
				PRODUCT_BUNDLE_IDENTIFIER = com.getcleverpet.ios.CleverPet;
				PRODUCT_NAME = "$(TARGET_NAME)";
			};
			name = Release;
		};
/* End XCBuildConfiguration section */

/* Begin XCConfigurationList section */
		0D36AA7E1C7243D600349D03 /* Build configuration list for PBXProject "CleverPet" */ = {
			isa = XCConfigurationList;
			buildConfigurations = (
				0D36AA981C7243D600349D03 /* Debug */,
				0D36AA991C7243D600349D03 /* Release */,
			);
			defaultConfigurationIsVisible = 0;
			defaultConfigurationName = Release;
		};
		0D36AA9A1C7243D600349D03 /* Build configuration list for PBXNativeTarget "CleverPet" */ = {
			isa = XCConfigurationList;
			buildConfigurations = (
				0D36AA9B1C7243D600349D03 /* Debug */,
				0D36AA9C1C7243D600349D03 /* Release */,
			);
			defaultConfigurationIsVisible = 0;
			defaultConfigurationName = Release;
		};
/* End XCConfigurationList section */
	};
	rootObject = 0D36AA7B1C7243D600349D03 /* Project object */;
}
